
Microsoft Visual Studio Solution File, Format Version 12.00
# Visual Studio 15
Project("{FAE04EC0-301F-11D3-BF4B-00C04F79EFBC}") = "MarcaApp.Android", "MarcaApp.Android\MarcaApp.Android.csproj", "{DCD5B43C-C31B-4B81-87D2-212884A64A56}"
EndProject
Project("{FAE04EC0-301F-11D3-BF4B-00C04F79EFBC}") = "MarcaApp.iOS", "MarcaApp.iOS\MarcaApp.iOS.csproj", "{8D4587B8-51B8-41E1-B603-E05DD4A781D8}"
EndProject
Project("{FAE04EC0-301F-11D3-BF4B-00C04F79EFBC}") = "MarcaApp", "MarcaApp\MarcaApp.csproj", "{CE25B772-DA52-47A0-BAC9-84E1DFA99717}"
EndProject
Global
	GlobalSection(SolutionConfigurationPlatforms) = preSolution
		Debug|Any CPU = Debug|Any CPU
		Release|Any CPU = Release|Any CPU
		Debug|iPhoneSimulator = Debug|iPhoneSimulator
		Release|iPhoneSimulator = Release|iPhoneSimulator
		Debug|iPhone = Debug|iPhone
		Release|iPhone = Release|iPhone
	EndGlobalSection
	GlobalSection(ProjectConfigurationPlatforms) = postSolution
		{DCD5B43C-C31B-4B81-87D2-212884A64A56}.Debug|Any CPU.ActiveCfg = Debug|Any CPU
		{DCD5B43C-C31B-4B81-87D2-212884A64A56}.Debug|Any CPU.Build.0 = Debug|Any CPU
		{DCD5B43C-C31B-4B81-87D2-212884A64A56}.Release|Any CPU.ActiveCfg = Release|Any CPU
		{DCD5B43C-C31B-4B81-87D2-212884A64A56}.Release|Any CPU.Build.0 = Release|Any CPU
		{DCD5B43C-C31B-4B81-87D2-212884A64A56}.Debug|iPhoneSimulator.ActiveCfg = Debug|Any CPU
		{DCD5B43C-C31B-4B81-87D2-212884A64A56}.Debug|iPhoneSimulator.Build.0 = Debug|Any CPU
		{DCD5B43C-C31B-4B81-87D2-212884A64A56}.Release|iPhoneSimulator.ActiveCfg = Release|Any CPU
		{DCD5B43C-C31B-4B81-87D2-212884A64A56}.Release|iPhoneSimulator.Build.0 = Release|Any CPU
		{DCD5B43C-C31B-4B81-87D2-212884A64A56}.Debug|iPhone.ActiveCfg = Debug|Any CPU
		{DCD5B43C-C31B-4B81-87D2-212884A64A56}.Debug|iPhone.Build.0 = Debug|Any CPU
		{DCD5B43C-C31B-4B81-87D2-212884A64A56}.Release|iPhone.ActiveCfg = Release|Any CPU
		{DCD5B43C-C31B-4B81-87D2-212884A64A56}.Release|iPhone.Build.0 = Release|Any CPU
		{8D4587B8-51B8-41E1-B603-E05DD4A781D8}.Debug|Any CPU.ActiveCfg = Debug|iPhoneSimulator
		{8D4587B8-51B8-41E1-B603-E05DD4A781D8}.Debug|Any CPU.Build.0 = Debug|iPhoneSimulator
		{8D4587B8-51B8-41E1-B603-E05DD4A781D8}.Release|Any CPU.ActiveCfg = Release|iPhoneSimulator
		{8D4587B8-51B8-41E1-B603-E05DD4A781D8}.Release|Any CPU.Build.0 = Release|iPhoneSimulator
		{8D4587B8-51B8-41E1-B603-E05DD4A781D8}.Debug|iPhoneSimulator.ActiveCfg = Debug|iPhoneSimulator
		{8D4587B8-51B8-41E1-B603-E05DD4A781D8}.Debug|iPhoneSimulator.Build.0 = Debug|iPhoneSimulator
		{8D4587B8-51B8-41E1-B603-E05DD4A781D8}.Release|iPhoneSimulator.ActiveCfg = Release|iPhoneSimulator
		{8D4587B8-51B8-41E1-B603-E05DD4A781D8}.Release|iPhoneSimulator.Build.0 = Release|iPhoneSimulator
		{8D4587B8-51B8-41E1-B603-E05DD4A781D8}.Debug|iPhone.ActiveCfg = Debug|iPhone
		{8D4587B8-51B8-41E1-B603-E05DD4A781D8}.Debug|iPhone.Build.0 = Debug|iPhone
		{8D4587B8-51B8-41E1-B603-E05DD4A781D8}.Release|iPhone.ActiveCfg = Release|iPhone
		{8D4587B8-51B8-41E1-B603-E05DD4A781D8}.Release|iPhone.Build.0 = Release|iPhone
		{CE25B772-DA52-47A0-BAC9-84E1DFA99717}.Debug|Any CPU.ActiveCfg = Debug|Any CPU
		{CE25B772-DA52-47A0-BAC9-84E1DFA99717}.Debug|Any CPU.Build.0 = Debug|Any CPU
		{CE25B772-DA52-47A0-BAC9-84E1DFA99717}.Release|Any CPU.ActiveCfg = Release|Any CPU
		{CE25B772-DA52-47A0-BAC9-84E1DFA99717}.Release|Any CPU.Build.0 = Release|Any CPU
		{CE25B772-DA52-47A0-BAC9-84E1DFA99717}.Debug|iPhoneSimulator.ActiveCfg = Debug|Any CPU
		{CE25B772-DA52-47A0-BAC9-84E1DFA99717}.Debug|iPhoneSimulator.Build.0 = Debug|Any CPU
		{CE25B772-DA52-47A0-BAC9-84E1DFA99717}.Release|iPhoneSimulator.ActiveCfg = Release|Any CPU
		{CE25B772-DA52-47A0-BAC9-84E1DFA99717}.Release|iPhoneSimulator.Build.0 = Release|Any CPU
		{CE25B772-DA52-47A0-BAC9-84E1DFA99717}.Debug|iPhone.ActiveCfg = Debug|Any CPU
		{CE25B772-DA52-47A0-BAC9-84E1DFA99717}.Debug|iPhone.Build.0 = Debug|Any CPU
		{CE25B772-DA52-47A0-BAC9-84E1DFA99717}.Release|iPhone.ActiveCfg = Release|Any CPU
		{CE25B772-DA52-47A0-BAC9-84E1DFA99717}.Release|iPhone.Build.0 = Release|Any CPU
	EndGlobalSection
EndGlobal
